
Microsoft Visual Studio Solution File, Format Version 12.00
# Visual Studio Version 17
VisualStudioVersion = 17.9.34728.123
MinimumVisualStudioVersion = 10.0.40219.1
Project("{FAE04EC0-301F-11D3-BF4B-00C04F79EFBC}") = "Assignment5.1.2", "Assignment5.1.2.csproj", "{7D43C037-F5EA-4630-8CDC-5608FD37E96E}"
EndProject
Global
	GlobalSection(SolutionConfigurationPlatforms) = preSolution
		Debug|Any CPU = Debug|Any CPU
		Release|Any CPU = Release|Any CPU
	EndGlobalSection
	GlobalSection(ProjectConfigurationPlatforms) = postSolution
		{7D43C037-F5EA-4630-8CDC-5608FD37E96E}.Debug|Any CPU.ActiveCfg = Debug|Any CPU
		{7D43C037-F5EA-4630-8CDC-5608FD37E96E}.Debug|Any CPU.Build.0 = Debug|Any CPU
		{7D43C037-F5EA-4630-8CDC-5608FD37E96E}.Release|Any CPU.ActiveCfg = Release|Any CPU
		{7D43C037-F5EA-4630-8CDC-5608FD37E96E}.Release|Any CPU.Build.0 = Release|Any CPU
	EndGlobalSection
	GlobalSection(SolutionProperties) = preSolution
		HideSolutionNode = FALSE
	EndGlobalSection
	GlobalSection(ExtensibilityGlobals) = postSolution
		SolutionGuid = {F1ED0B57-F1D6-41D8-9539-5F277029191C}
	EndGlobalSection
EndGlobal
